
Microsoft Visual Studio Solution File, Format Version 12.00
# Visual Studio Version 16
VisualStudioVersion = 16.0.30225.117
MinimumVisualStudioVersion = 10.0.40219.1
Project("{FAE04EC0-301F-11D3-BF4B-00C04F79EFBC}") = "Battleship", "Battleship\Battleship.csproj", "{0924D3CA-CC5A-4E6B-9440-C57D50E15F23}"
EndProject
Global
	GlobalSection(SolutionConfigurationPlatforms) = preSolution
		Debug|Any CPU = Debug|Any CPU
		Release|Any CPU = Release|Any CPU
	EndGlobalSection
	GlobalSection(ProjectConfigurationPlatforms) = postSolution
		{0924D3CA-CC5A-4E6B-9440-C57D50E15F23}.Debug|Any CPU.ActiveCfg = Debug|Any CPU
		{0924D3CA-CC5A-4E6B-9440-C57D50E15F23}.Debug|Any CPU.Build.0 = Debug|Any CPU
		{0924D3CA-CC5A-4E6B-9440-C57D50E15F23}.Release|Any CPU.ActiveCfg = Release|Any CPU
		{0924D3CA-CC5A-4E6B-9440-C57D50E15F23}.Release|Any CPU.Build.0 = Release|Any CPU
	EndGlobalSection
	GlobalSection(SolutionProperties) = preSolution
		HideSolutionNode = FALSE
	EndGlobalSection
	GlobalSection(ExtensibilityGlobals) = postSolution
		SolutionGuid = {C49361D3-8790-4594-ACEA-B073BAD31446}
	EndGlobalSection
EndGlobal
